// !$*UTF8*$!
{
	archiveVersion = 1;
	classes = {
	};
	objectVersion = 46;
	objects = {

/* Begin PBXBuildFile section */
		CF1726191E9514A600AE99E7 /* AppDelegate.m in Sources */ = {isa = PBXBuildFile; fileRef = CF1726181E9514A600AE99E7 /* AppDelegate.m */; };
		CF17261C1E9514A600AE99E7 /* main.m in Sources */ = {isa = PBXBuildFile; fileRef = CF17261B1E9514A600AE99E7 /* main.m */; };
		CF17261F1E9514A600AE99E7 /* ViewController.m in Sources */ = {isa = PBXBuildFile; fileRef = CF17261E1E9514A600AE99E7 /* ViewController.m */; };
		CF1726211E9514A600AE99E7 /* Assets.xcassets in Resources */ = {isa = PBXBuildFile; fileRef = CF1726201E9514A600AE99E7 /* Assets.xcassets */; };
		CF1726241E9514A600AE99E7 /* Main.storyboard in Resources */ = {isa = PBXBuildFile; fileRef = CF1726221E9514A600AE99E7 /* Main.storyboard */; };
/* End PBXBuildFile section */

/* Begin PBXFileReference section */
		CF1726141E9514A600AE99E7 /* ExecShellCMD.app */ = {isa = PBXFileReference; explicitFileType = wrapper.application; includeInIndex = 0; path = ExecShellCMD.app; sourceTree = BUILT_PRODUCTS_DIR; };
		CF1726171E9514A600AE99E7 /* AppDelegate.h */ = {isa = PBXFileReference; lastKnownFileType = sourcecode.c.h; path = AppDelegate.h; sourceTree = "<group>"; };
		CF1726181E9514A600AE99E7 /* AppDelegate.m */ = {isa = PBXFileReference; lastKnownFileType = sourcecode.c.objc; path = AppDelegate.m; sourceTree = "<group>"; };
		CF17261B1E9514A600AE99E7 /* main.m */ = {isa = PBXFileReference; lastKnownFileType = sourcecode.c.objc; path = main.m; sourceTree = "<group>"; };
		CF17261D1E9514A600AE99E7 /* ViewController.h */ = {isa = PBXFileReference; lastKnownFileType = sourcecode.c.h; path = ViewController.h; sourceTree = "<group>"; };
		CF17261E1E9514A600AE99E7 /* ViewController.m */ = {isa = PBXFileReference; lastKnownFileType = sourcecode.c.objc; path = ViewController.m; sourceTree = "<group>"; };
		CF1726201E9514A600AE99E7 /* Assets.xcassets */ = {isa = PBXFileReference; lastKnownFileType = folder.assetcatalog; path = Assets.xcassets; sourceTree = "<group>"; };
		CF1726231E9514A600AE99E7 /* Base */ = {isa = PBXFileReference; lastKnownFileType = file.storyboard; name = Base; path = Base.lproj/Main.storyboard; sourceTree = "<group>"; };
		CF1726251E9514A600AE99E7 /* Info.plist */ = {isa = PBXFileReference; lastKnownFileType = text.plist.xml; path = Info.plist; sourceTree = "<group>"; };
/* End PBXFileReference section */

/* Begin PBXFrameworksBuildPhase section */
		CF1726111E9514A600AE99E7 /* Frameworks */ = {
			isa = PBXFrameworksBuildPhase;
			buildActionMask = 2147483647;
			files = (
			);
			runOnlyForDeploymentPostprocessing = 0;
		};
/* End PBXFrameworksBuildPhase section */

/* Begin PBXGroup section */
		CF17260B1E9514A600AE99E7 = {
			isa = PBXGroup;
			children = (
				CF1726161E9514A600AE99E7 /* ExecShellCMD */,
				CF1726151E9514A600AE99E7 /* Products */,
			);
			sourceTree = "<group>";
		};
		CF1726151E9514A600AE99E7 /* Products */ = {
			isa = PBXGroup;
			children = (
				CF1726141E9514A600AE99E7 /* ExecShellCMD.app */,
			);
			name = Products;
			sourceTree = "<group>";
		};
		CF1726161E9514A600AE99E7 /* ExecShellCMD */ = {
			isa = PBXGroup;
			children = (
				CF1726171E9514A600AE99E7 /* AppDelegate.h */,
				CF1726181E9514A600AE99E7 /* AppDelegate.m */,
				CF17261D1E9514A600AE99E7 /* ViewController.h */,
				CF17261E1E9514A600AE99E7 /* ViewController.m */,
				CF1726201E9514A600AE99E7 /* Assets.xcassets */,
				CF1726221E9514A600AE99E7 /* Main.storyboard */,
				CF1726251E9514A600AE99E7 /* Info.plist */,
				CF17261A1E9514A600AE99E7 /* Supporting Files */,
			);
			path = ExecShellCMD;
			sourceTree = "<group>";
		};
		CF17261A1E9514A600AE99E7 /* Supporting Files */ = {
			isa = PBXGroup;
			children = (
				CF17261B1E9514A600AE99E7 /* main.m */,
			);
			name = "Supporting Files";
			sourceTree = "<group>";
		};
/* End PBXGroup section */

/* Begin PBXNativeTarget section */
		CF1726131E9514A600AE99E7 /* ExecShellCMD */ = {
			isa = PBXNativeTarget;
			buildConfigurationList = CF1726281E9514A600AE99E7 /* Build configuration list for PBXNativeTarget "ExecShellCMD" */;
			buildPhases = (
				CF1726101E9514A600AE99E7 /* Sources */,
				CF1726111E9514A600AE99E7 /* Frameworks */,
				CF1726121E9514A600AE99E7 /* Resources */,
			);
			buildRules = (
			);
			dependencies = (
			);
			name = ExecShellCMD;
			productName = ExecShellCMD;
			productReference = CF1726141E9514A600AE99E7 /* ExecShellCMD.app */;
			productType = "com.apple.product-type.application";
		};
/* End PBXNativeTarget section */

/* Begin PBXProject section */
		CF17260C1E9514A600AE99E7 /* Project object */ = {
			isa = PBXProject;
			attributes = {
				LastUpgradeCheck = 0810;
				ORGANIZATIONNAME = " guogh";
				TargetAttributes = {
					CF1726131E9514A600AE99E7 = {
						CreatedOnToolsVersion = 8.1;
						ProvisioningStyle = Automatic;
					};
				};
			};
			buildConfigurationList = CF17260F1E9514A600AE99E7 /* Build configuration list for PBXProject "ExecShellCMD" */;
			compatibilityVersion = "Xcode 3.2";
			developmentRegion = English;
			hasScannedForEncodings = 0;
			knownRegions = (
				en,
				Base,
			);
			mainGroup = CF17260B1E9514A600AE99E7;
			productRefGroup = CF1726151E9514A600AE99E7 /* Products */;
			projectDirPath = "";
			projectRoot = "";
			targets = (
				CF1726131E9514A600AE99E7 /* ExecShellCMD */,
			);
		};
/* End PBXProject section */

/* Begin PBXResourcesBuildPhase section */
		CF1726121E9514A600AE99E7 /* Resources */ = {
			isa = PBXResourcesBuildPhase;
			buildActionMask = 2147483647;
			files = (
				CF1726211E9514A600AE99E7 /* Assets.xcassets in Resources */,
				CF1726241E9514A600AE99E7 /* Main.storyboard in Resources */,
			);
			runOnlyForDeploymentPostprocessing = 0;
		};
/* End PBXResourcesBuildPhase section */

/* Begin PBXSourcesBuildPhase section */
		CF1726101E9514A600AE99E7 /* Sources */ = {
			isa = PBXSourcesBuildPhase;
			buildActionMask = 2147483647;
			files = (
				CF17261F1E9514A600AE99E7 /* ViewController.m in Sources */,
				CF17261C1E9514A600AE99E7 /* main.m in Sources */,
				CF1726191E9514A600AE99E7 /* AppDelegate.m in Sources */,
			);
			runOnlyForDeploymentPostprocessing = 0;
		};
/* End PBXSourcesBuildPhase section */

/* Begin PBXVariantGroup section */
		CF1726221E9514A600AE99E7 /* Main.storyboard */ = {
			isa = PBXVariantGroup;
			children = (
				CF1726231E9514A600AE99E7 /* Base */,
			);
			name = Main.storyboard;
			sourceTree = "<group>";
		};
/* End PBXVariantGroup section */

/* Begin XCBuildConfiguration section */
		CF1726261E9514A600AE99E7 /* Debug */ = {
			isa = XCBuildConfiguration;
			buildSettings = {
				ALWAYS_SEARCH_USER_PATHS = NO;
				CLANG_ANALYZER_NONNULL = YES;
				CLANG_CXX_LANGUAGE_STANDARD = "gnu++0x";
				CLANG_CXX_LIBRARY = "libc++";
				CLANG_ENABLE_MODULES = YES;
				CLANG_ENABLE_OBJC_ARC = YES;
				CLANG_WARN_BOOL_CONVERSION = YES;
				CLANG_WARN_CONSTANT_CONVERSION = YES;
				CLANG_WARN_DIRECT_OBJC_ISA_USAGE = YES_ERROR;
				CLANG_WARN_DOCUMENTATION_COMMENTS = YES;
				CLANG_WARN_EMPTY_BODY = YES;
				CLANG_WARN_ENUM_CONVERSION = YES;
				CLANG_WARN_INFINITE_RECURSION = YES;
				CLANG_WARN_INT_CONVERSION = YES;
				CLANG_WARN_OBJC_ROOT_CLASS = YES_ERROR;
				CLANG_WARN_SUSPICIOUS_MOVES = YES;
				CLANG_WARN_UNREACHABLE_CODE = YES;
				CLANG_WARN__DUPLICATE_METHOD_MATCH = YES;
				CODE_SIGN_IDENTITY = "-";
				COPY_PHASE_STRIP = NO;
				DEBUG_INFORMATION_FORMAT = dwarf;
				ENABLE_STRICT_OBJC_MSGSEND = YES;
				ENABLE_TESTABILITY = YES;
				GCC_C_LANGUAGE_STANDARD = gnu99;
				GCC_DYNAMIC_NO_PIC = NO;
				GCC_NO_COMMON_BLOCKS = YES;
				GCC_OPTIMIZATION_LEVEL = 0;
				GCC_PREPROCESSOR_DEFINITIONS = (
					"DEBUG=1",
					"$(inherited)",
				);
				GCC_WARN_64_TO_32_BIT_CONVERSION = YES;
				GCC_WARN_ABOUT_RETURN_TYPE = YES_ERROR;
				GCC_WARN_UNDECLARED_SELECTOR = YES;
				GCC_WARN_UNINITIALIZED_AUTOS = YES_AGGRESSIVE;
				GCC_WARN_UNUSED_FUNCTION = YES;
				GCC_WARN_UNUSED_VARIABLE = YES;
				MACOSX_DEPLOYMENT_TARGET = 10.12;
				MTL_ENABLE_DEBUG_INFO = YES;
				ONLY_ACTIVE_ARCH = YES;
				SDKROOT = macosx;
			};
			name = Debug;
		};
		CF1726271E9514A600AE99E7 /* Release */ = {
			isa = XCBuildConfiguration;
			buildSettings = {
				ALWAYS_SEARCH_USER_PATHS = NO;
				CLANG_ANALYZER_NONNULL = YES;
				CLANG_CXX_LANGUAGE_STANDARD = "gnu++0x";
				CLANG_CXX_LIBRARY = "libc++";
				CLANG_ENABLE_MODULES = YES;
				CLANG_ENABLE_OBJC_ARC = YES;
				CLANG_WARN_BOOL_CONVERSION = YES;
				CLANG_WARN_CONSTANT_CONVERSION = YES;
				CLANG_WARN_DIRECT_OBJC_ISA_USAGE = YES_ERROR;
				CLANG_WARN_DOCUMENTATION_COMMENTS = YES;
				CLANG_WARN_EMPTY_BODY = YES;
				CLANG_WARN_ENUM_CONVERSION = YES;
				CLANG_WARN_INFINITE_RECURSION = YES;
				CLANG_WARN_INT_CONVERSION = YES;
				CLANG_WARN_OBJC_ROOT_CLASS = YES_ERROR;
				CLANG_WARN_SUSPICIOUS_MOVES = YES;
				CLANG_WARN_UNREACHABLE_CODE = YES;
				CLANG_WARN__DUPLICATE_METHOD_MATCH = YES;
				CODE_SIGN_IDENTITY = "-";
				COPY_PHASE_STRIP = NO;
				DEBUG_INFORMATION_FORMAT = "dwarf-with-dsym";
				ENABLE_NS_ASSERTIONS = NO;
				ENABLE_STRICT_OBJC_MSGSEND = YES;
				GCC_C_LANGUAGE_STANDARD = gnu99;
				GCC_NO_COMMON_BLOCKS = YES;
				GCC_WARN_64_TO_32_BIT_CONVERSION = YES;
				GCC_WARN_ABOUT_RETURN_TYPE = YES_ERROR;
				GCC_WARN_UNDECLARED_SELECTOR = YES;
				GCC_WARN_UNINITIALIZED_AUTOS = YES_AGGRESSIVE;
				GCC_WARN_UNUSED_FUNCTION = YES;
				GCC_WARN_UNUSED_VARIABLE = YES;
				MACOSX_DEPLOYMENT_TARGET = 10.12;
				MTL_ENABLE_DEBUG_INFO = NO;
				SDKROOT = macosx;
			};
			name = Release;
		};
		CF1726291E9514A600AE99E7 /* Debug */ = {
			isa = XCBuildConfiguration;
			buildSettings = {
				ASSETCATALOG_COMPILER_APPICON_NAME = AppIcon;
				COMBINE_HIDPI_IMAGES = YES;
				INFOPLIST_FILE = ExecShellCMD/Info.plist;
				LD_RUNPATH_SEARCH_PATHS = "$(inherited) @executable_path/../Frameworks";
				PRODUCT_BUNDLE_IDENTIFIER = com.guogh.ExecShellCMD;
				PRODUCT_NAME = "$(TARGET_NAME)";
			};
			name = Debug;
		};
		CF17262A1E9514A600AE99E7 /* Release */ = {
			isa = XCBuildConfiguration;
			buildSettings = {
				ASSETCATALOG_COMPILER_APPICON_NAME = AppIcon;
				COMBINE_HIDPI_IMAGES = YES;
				INFOPLIST_FILE = ExecShellCMD/Info.plist;
				LD_RUNPATH_SEARCH_PATHS = "$(inherited) @executable_path/../Frameworks";
				PRODUCT_BUNDLE_IDENTIFIER = com.guogh.ExecShellCMD;
				PRODUCT_NAME = "$(TARGET_NAME)";
			};
			name = Release;
		};
/* End XCBuildConfiguration section */

/* Begin XCConfigurationList section */
		CF17260F1E9514A600AE99E7 /* Build configuration list for PBXProject "ExecShellCMD" */ = {
			isa = XCConfigurationList;
			buildConfigurations = (
				CF1726261E9514A600AE99E7 /* Debug */,
				CF1726271E9514A600AE99E7 /* Release */,
			);
			defaultConfigurationIsVisible = 0;
			defaultConfigurationName = Release;
		};
		CF1726281E9514A600AE99E7 /* Build configuration list for PBXNativeTarget "ExecShellCMD" */ = {
			isa = XCConfigurationList;
			buildConfigurations = (
				CF1726291E9514A600AE99E7 /* Debug */,
				CF17262A1E9514A600AE99E7 /* Release */,
			);
			defaultConfigurationIsVisible = 0;
		};
/* End XCConfigurationList section */
	};
	rootObject = CF17260C1E9514A600AE99E7 /* Project object */;
}
